
Microsoft Visual Studio Solution File, Format Version 12.00
Project("{2150E333-8FDC-42A3-9474-1A3956D46DE8}") = "Doc", "Doc", "{C771CE2B-AA38-4DFC-9116-12C475C92EAD}"
EndProject
Project("{2150E333-8FDC-42A3-9474-1A3956D46DE8}") = "Src", "Src", "{408594C7-0264-41D8-859C-E4933D31974D}"
EndProject
Project("{2150E333-8FDC-42A3-9474-1A3956D46DE8}") = "Test", "Test", "{7D677C21-742A-4663-889E-3055C1956BFC}"
EndProject
Project("{2150E333-8FDC-42A3-9474-1A3956D46DE8}") = "Core", "Core", "{C3005B7C-83D8-4381-A045-050C7EC6ADB6}"
EndProject
Project("{2150E333-8FDC-42A3-9474-1A3956D46DE8}") = "Common", "Common", "{6B0EFFCD-381D-4953-A045-6AD7E2BDC319}"
EndProject
Project("{2150E333-8FDC-42A3-9474-1A3956D46DE8}") = "Presentation", "Presentation", "{68837530-001D-49B1-9089-6FDD326BCCBF}"
EndProject
Project("{2150E333-8FDC-42A3-9474-1A3956D46DE8}") = "Infrastructure", "Infrastructure", "{51E9F14A-C62D-4B78-9AD4-468F3A872B9C}"
EndProject
Project("{FAE04EC0-301F-11D3-BF4B-00C04F79EFBC}") = "OnlineShop.Common", "Src\Common\OnlineShop.Common\OnlineShop.Common.csproj", "{3415921D-BF98-4F69-A878-DFDAE9F32CF8}"
EndProject
Project("{FAE04EC0-301F-11D3-BF4B-00C04F79EFBC}") = "OnlineShop.Domain", "Src\Core\OnlineShop.Domain\OnlineShop.Domain.csproj", "{7A94D795-3592-4B63-986B-EF1FF54E1228}"
EndProject
Project("{FAE04EC0-301F-11D3-BF4B-00C04F79EFBC}") = "OnlineShop.Application", "Src\Core\OnlineShop.Application\OnlineShop.Application.csproj", "{8270AB33-0F0C-428C-94AC-1F84A1131E35}"
EndProject
Project("{FAE04EC0-301F-11D3-BF4B-00C04F79EFBC}") = "OnlineShop.Infrastructure", "Src\Infrastructure\OnlineShop.Infrastructure\OnlineShop.Infrastructure.csproj", "{E87433E1-A794-4F40-9FD1-C7E62A2D7E98}"
EndProject
Project("{FAE04EC0-301F-11D3-BF4B-00C04F79EFBC}") = "OnlineShop.Persistence", "Src\Infrastructure\OnlineShop.Persistence\OnlineShop.Persistence.csproj", "{0906EB89-531C-48B8-B0C0-E88B64514E73}"
EndProject
Project("{FAE04EC0-301F-11D3-BF4B-00C04F79EFBC}") = "EndPonit.WebAPI", "Src\Presentation\EndPonit.WebAPI\EndPonit.WebAPI.csproj", "{158B6B03-7661-43E2-88F9-7101C36D69EC}"
EndProject
Global
	GlobalSection(SolutionConfigurationPlatforms) = preSolution
		Debug|Any CPU = Debug|Any CPU
		Release|Any CPU = Release|Any CPU
	EndGlobalSection
	GlobalSection(NestedProjects) = preSolution
		{C3005B7C-83D8-4381-A045-050C7EC6ADB6} = {408594C7-0264-41D8-859C-E4933D31974D}
		{6B0EFFCD-381D-4953-A045-6AD7E2BDC319} = {408594C7-0264-41D8-859C-E4933D31974D}
		{68837530-001D-49B1-9089-6FDD326BCCBF} = {408594C7-0264-41D8-859C-E4933D31974D}
		{51E9F14A-C62D-4B78-9AD4-468F3A872B9C} = {408594C7-0264-41D8-859C-E4933D31974D}
		{3415921D-BF98-4F69-A878-DFDAE9F32CF8} = {6B0EFFCD-381D-4953-A045-6AD7E2BDC319}
		{7A94D795-3592-4B63-986B-EF1FF54E1228} = {C3005B7C-83D8-4381-A045-050C7EC6ADB6}
		{8270AB33-0F0C-428C-94AC-1F84A1131E35} = {C3005B7C-83D8-4381-A045-050C7EC6ADB6}
		{E87433E1-A794-4F40-9FD1-C7E62A2D7E98} = {51E9F14A-C62D-4B78-9AD4-468F3A872B9C}
		{0906EB89-531C-48B8-B0C0-E88B64514E73} = {51E9F14A-C62D-4B78-9AD4-468F3A872B9C}
		{158B6B03-7661-43E2-88F9-7101C36D69EC} = {68837530-001D-49B1-9089-6FDD326BCCBF}
	EndGlobalSection
	GlobalSection(ProjectConfigurationPlatforms) = postSolution
		{3415921D-BF98-4F69-A878-DFDAE9F32CF8}.Debug|Any CPU.ActiveCfg = Debug|Any CPU
		{3415921D-BF98-4F69-A878-DFDAE9F32CF8}.Debug|Any CPU.Build.0 = Debug|Any CPU
		{3415921D-BF98-4F69-A878-DFDAE9F32CF8}.Release|Any CPU.ActiveCfg = Release|Any CPU
		{3415921D-BF98-4F69-A878-DFDAE9F32CF8}.Release|Any CPU.Build.0 = Release|Any CPU
		{7A94D795-3592-4B63-986B-EF1FF54E1228}.Debug|Any CPU.ActiveCfg = Debug|Any CPU
		{7A94D795-3592-4B63-986B-EF1FF54E1228}.Debug|Any CPU.Build.0 = Debug|Any CPU
		{7A94D795-3592-4B63-986B-EF1FF54E1228}.Release|Any CPU.ActiveCfg = Release|Any CPU
		{7A94D795-3592-4B63-986B-EF1FF54E1228}.Release|Any CPU.Build.0 = Release|Any CPU
		{8270AB33-0F0C-428C-94AC-1F84A1131E35}.Debug|Any CPU.ActiveCfg = Debug|Any CPU
		{8270AB33-0F0C-428C-94AC-1F84A1131E35}.Debug|Any CPU.Build.0 = Debug|Any CPU
		{8270AB33-0F0C-428C-94AC-1F84A1131E35}.Release|Any CPU.ActiveCfg = Release|Any CPU
		{8270AB33-0F0C-428C-94AC-1F84A1131E35}.Release|Any CPU.Build.0 = Release|Any CPU
		{E87433E1-A794-4F40-9FD1-C7E62A2D7E98}.Debug|Any CPU.ActiveCfg = Debug|Any CPU
		{E87433E1-A794-4F40-9FD1-C7E62A2D7E98}.Debug|Any CPU.Build.0 = Debug|Any CPU
		{E87433E1-A794-4F40-9FD1-C7E62A2D7E98}.Release|Any CPU.ActiveCfg = Release|Any CPU
		{E87433E1-A794-4F40-9FD1-C7E62A2D7E98}.Release|Any CPU.Build.0 = Release|Any CPU
		{0906EB89-531C-48B8-B0C0-E88B64514E73}.Debug|Any CPU.ActiveCfg = Debug|Any CPU
		{0906EB89-531C-48B8-B0C0-E88B64514E73}.Debug|Any CPU.Build.0 = Debug|Any CPU
		{0906EB89-531C-48B8-B0C0-E88B64514E73}.Release|Any CPU.ActiveCfg = Release|Any CPU
		{0906EB89-531C-48B8-B0C0-E88B64514E73}.Release|Any CPU.Build.0 = Release|Any CPU
		{158B6B03-7661-43E2-88F9-7101C36D69EC}.Debug|Any CPU.ActiveCfg = Debug|Any CPU
		{158B6B03-7661-43E2-88F9-7101C36D69EC}.Debug|Any CPU.Build.0 = Debug|Any CPU
		{158B6B03-7661-43E2-88F9-7101C36D69EC}.Release|Any CPU.ActiveCfg = Release|Any CPU
		{158B6B03-7661-43E2-88F9-7101C36D69EC}.Release|Any CPU.Build.0 = Release|Any CPU
	EndGlobalSection
EndGlobal
